
Microsoft Visual Studio Solution File, Format Version 12.00
# Visual Studio Version 17
VisualStudioVersion = 17.0.31912.275
MinimumVisualStudioVersion = 10.0.40219.1
Project("{9A19103F-16F7-4668-BE54-9A1E7A4F7556}") = "Console", "Console\Console.csproj", "{068D2842-F965-45DA-9F76-07A0D4EEA80A}"
EndProject
Project("{2150E333-8FDC-42A3-9474-1A3956D46DE8}") = "Indicators", "Indicators", "{7F5A141E-E14A-4546-AD1C-D6BD044E0D95}"
EndProject
Project("{9A19103F-16F7-4668-BE54-9A1E7A4F7556}") = "Analysis", "TradeSDK\TradeAnalysis\Analysis\Analysis.csproj", "{E78524E0-7580-4978-80E9-40D02A3E872D}"
EndProject
Project("{2150E333-8FDC-42A3-9474-1A3956D46DE8}") = "TradeAnalysis", "TradeAnalysis", "{84D670D5-2164-4400-BD8B-D3F176443A5E}"
EndProject
Project("{2150E333-8FDC-42A3-9474-1A3956D46DE8}") = "TradeSDK", "TradeSDK", "{AB9CA4FA-233A-4C9C-9C38-2DDEC261F051}"
EndProject
Project("{9A19103F-16F7-4668-BE54-9A1E7A4F7556}") = "Indicators", "TradeSDK\Indicators\Stock.Indicators\src\Indicators.csproj", "{EBEF044A-23A9-41D6-9340-43E4F4EADB0B}"
EndProject
Project("{2150E333-8FDC-42A3-9474-1A3956D46DE8}") = "TradeSDK", "TradeSDK", "{FA7549F4-323B-403A-8642-A6E424BD1F41}"
EndProject
Project("{9A19103F-16F7-4668-BE54-9A1E7A4F7556}") = "DataCollector", "TradeSDK\TradeSDK\DataCollector\DataCollector.csproj", "{6A0CC2AB-26D2-4531-B6D3-1755354ACF48}"
EndProject
Project("{9A19103F-16F7-4668-BE54-9A1E7A4F7556}") = "MarketDataModules", "TradeSDK\TradeSDK\MarketDataModules\MarketDataModules.csproj", "{39985D55-103C-4057-81FE-6B782D42F094}"
EndProject
Project("{9A19103F-16F7-4668-BE54-9A1E7A4F7556}") = "Trader", "TradeSDK\TradeSDK\Trader\Trader.csproj", "{C35751EB-5490-4A7D-AC2F-37C27210A3E2}"
EndProject
Global
	GlobalSection(SolutionConfigurationPlatforms) = preSolution
		Debug|Any CPU = Debug|Any CPU
		Release|Any CPU = Release|Any CPU
	EndGlobalSection
	GlobalSection(ProjectConfigurationPlatforms) = postSolution
		{068D2842-F965-45DA-9F76-07A0D4EEA80A}.Debug|Any CPU.ActiveCfg = Debug|Any CPU
		{068D2842-F965-45DA-9F76-07A0D4EEA80A}.Debug|Any CPU.Build.0 = Debug|Any CPU
		{068D2842-F965-45DA-9F76-07A0D4EEA80A}.Release|Any CPU.ActiveCfg = Release|Any CPU
		{068D2842-F965-45DA-9F76-07A0D4EEA80A}.Release|Any CPU.Build.0 = Release|Any CPU
		{E78524E0-7580-4978-80E9-40D02A3E872D}.Debug|Any CPU.ActiveCfg = Debug|Any CPU
		{E78524E0-7580-4978-80E9-40D02A3E872D}.Debug|Any CPU.Build.0 = Debug|Any CPU
		{E78524E0-7580-4978-80E9-40D02A3E872D}.Release|Any CPU.ActiveCfg = Release|Any CPU
		{E78524E0-7580-4978-80E9-40D02A3E872D}.Release|Any CPU.Build.0 = Release|Any CPU
		{EBEF044A-23A9-41D6-9340-43E4F4EADB0B}.Debug|Any CPU.ActiveCfg = Debug|Any CPU
		{EBEF044A-23A9-41D6-9340-43E4F4EADB0B}.Debug|Any CPU.Build.0 = Debug|Any CPU
		{EBEF044A-23A9-41D6-9340-43E4F4EADB0B}.Release|Any CPU.ActiveCfg = Release|Any CPU
		{EBEF044A-23A9-41D6-9340-43E4F4EADB0B}.Release|Any CPU.Build.0 = Release|Any CPU
		{6A0CC2AB-26D2-4531-B6D3-1755354ACF48}.Debug|Any CPU.ActiveCfg = Debug|Any CPU
		{6A0CC2AB-26D2-4531-B6D3-1755354ACF48}.Debug|Any CPU.Build.0 = Debug|Any CPU
		{6A0CC2AB-26D2-4531-B6D3-1755354ACF48}.Release|Any CPU.ActiveCfg = Release|Any CPU
		{6A0CC2AB-26D2-4531-B6D3-1755354ACF48}.Release|Any CPU.Build.0 = Release|Any CPU
		{39985D55-103C-4057-81FE-6B782D42F094}.Debug|Any CPU.ActiveCfg = Debug|Any CPU
		{39985D55-103C-4057-81FE-6B782D42F094}.Debug|Any CPU.Build.0 = Debug|Any CPU
		{39985D55-103C-4057-81FE-6B782D42F094}.Release|Any CPU.ActiveCfg = Release|Any CPU
		{39985D55-103C-4057-81FE-6B782D42F094}.Release|Any CPU.Build.0 = Release|Any CPU
		{C35751EB-5490-4A7D-AC2F-37C27210A3E2}.Debug|Any CPU.ActiveCfg = Debug|Any CPU
		{C35751EB-5490-4A7D-AC2F-37C27210A3E2}.Debug|Any CPU.Build.0 = Debug|Any CPU
		{C35751EB-5490-4A7D-AC2F-37C27210A3E2}.Release|Any CPU.ActiveCfg = Release|Any CPU
		{C35751EB-5490-4A7D-AC2F-37C27210A3E2}.Release|Any CPU.Build.0 = Release|Any CPU
	EndGlobalSection
	GlobalSection(SolutionProperties) = preSolution
		HideSolutionNode = FALSE
	EndGlobalSection
	GlobalSection(NestedProjects) = preSolution
		{7F5A141E-E14A-4546-AD1C-D6BD044E0D95} = {AB9CA4FA-233A-4C9C-9C38-2DDEC261F051}
		{E78524E0-7580-4978-80E9-40D02A3E872D} = {84D670D5-2164-4400-BD8B-D3F176443A5E}
		{84D670D5-2164-4400-BD8B-D3F176443A5E} = {AB9CA4FA-233A-4C9C-9C38-2DDEC261F051}
		{EBEF044A-23A9-41D6-9340-43E4F4EADB0B} = {7F5A141E-E14A-4546-AD1C-D6BD044E0D95}
		{FA7549F4-323B-403A-8642-A6E424BD1F41} = {AB9CA4FA-233A-4C9C-9C38-2DDEC261F051}
		{6A0CC2AB-26D2-4531-B6D3-1755354ACF48} = {FA7549F4-323B-403A-8642-A6E424BD1F41}
		{39985D55-103C-4057-81FE-6B782D42F094} = {FA7549F4-323B-403A-8642-A6E424BD1F41}
		{C35751EB-5490-4A7D-AC2F-37C27210A3E2} = {FA7549F4-323B-403A-8642-A6E424BD1F41}
	EndGlobalSection
	GlobalSection(ExtensibilityGlobals) = postSolution
		SolutionGuid = {A395CF63-296E-4FD2-9AE3-1D1DC0B710EE}
	EndGlobalSection
EndGlobal
